
Microsoft Visual Studio Solution File, Format Version 12.00
# Visual Studio Version 17
VisualStudioVersion = 17.5.002.0
MinimumVisualStudioVersion = 10.0.40219.1
Project("{9A19103F-16F7-4668-BE54-9A1E7A4F7556}") = "aspClientApp", "aspClientApp.csproj", "{CE27F9D2-9CAE-4FFB-A395-6A7852F00A08}"
EndProject
Global
	GlobalSection(SolutionConfigurationPlatforms) = preSolution
		Debug|Any CPU = Debug|Any CPU
		Release|Any CPU = Release|Any CPU
	EndGlobalSection
	GlobalSection(ProjectConfigurationPlatforms) = postSolution
		{CE27F9D2-9CAE-4FFB-A395-6A7852F00A08}.Debug|Any CPU.ActiveCfg = Debug|Any CPU
		{CE27F9D2-9CAE-4FFB-A395-6A7852F00A08}.Debug|Any CPU.Build.0 = Debug|Any CPU
		{CE27F9D2-9CAE-4FFB-A395-6A7852F00A08}.Release|Any CPU.ActiveCfg = Release|Any CPU
		{CE27F9D2-9CAE-4FFB-A395-6A7852F00A08}.Release|Any CPU.Build.0 = Release|Any CPU
	EndGlobalSection
	GlobalSection(SolutionProperties) = preSolution
		HideSolutionNode = FALSE
	EndGlobalSection
	GlobalSection(ExtensibilityGlobals) = postSolution
		SolutionGuid = {38D2B62E-4AFB-4522-941B-3D50AA7B2BEE}
	EndGlobalSection
EndGlobal
